
Microsoft Visual Studio Solution File, Format Version 12.00
# Visual Studio 2012
Project("{FAE04EC0-301F-11D3-BF4B-00C04F79EFBC}") = "TimeEntry", "TimeEntry\TimeEntry.csproj", "{398D9382-6A38-4AC1-AC7F-6470CFEE993F}"
EndProject
Project("{FAE04EC0-301F-11D3-BF4B-00C04F79EFBC}") = "DomainLayer", "DomainLayer\DomainLayer.csproj", "{8E134A63-9729-4C8F-AB78-9D1B05E11F30}"
EndProject
Global
	GlobalSection(SolutionConfigurationPlatforms) = preSolution
		Debug|Any CPU = Debug|Any CPU
		Release|Any CPU = Release|Any CPU
	EndGlobalSection
	GlobalSection(ProjectConfigurationPlatforms) = postSolution
		{398D9382-6A38-4AC1-AC7F-6470CFEE993F}.Debug|Any CPU.ActiveCfg = Debug|Any CPU
		{398D9382-6A38-4AC1-AC7F-6470CFEE993F}.Debug|Any CPU.Build.0 = Debug|Any CPU
		{398D9382-6A38-4AC1-AC7F-6470CFEE993F}.Release|Any CPU.ActiveCfg = Release|Any CPU
		{398D9382-6A38-4AC1-AC7F-6470CFEE993F}.Release|Any CPU.Build.0 = Release|Any CPU
		{8E134A63-9729-4C8F-AB78-9D1B05E11F30}.Debug|Any CPU.ActiveCfg = Debug|Any CPU
		{8E134A63-9729-4C8F-AB78-9D1B05E11F30}.Debug|Any CPU.Build.0 = Debug|Any CPU
		{8E134A63-9729-4C8F-AB78-9D1B05E11F30}.Release|Any CPU.ActiveCfg = Release|Any CPU
		{8E134A63-9729-4C8F-AB78-9D1B05E11F30}.Release|Any CPU.Build.0 = Release|Any CPU
	EndGlobalSection
	GlobalSection(SolutionProperties) = preSolution
		HideSolutionNode = FALSE
	EndGlobalSection
EndGlobal
